// !$*UTF8*$!
{
	archiveVersion = 1;
	classes = {
	};
	objectVersion = 55;
	objects = {

/* Begin PBXBuildFile section */
		8411412528317A4100825D16 /* ChooseCollectionViewProtocol.swift in Sources */ = {isa = PBXBuildFile; fileRef = 8411412428317A4100825D16 /* ChooseCollectionViewProtocol.swift */; };
		84114127283182AC00825D16 /* PaymentViewController.swift in Sources */ = {isa = PBXBuildFile; fileRef = 84114126283182AC00825D16 /* PaymentViewController.swift */; };
		8411412A283182E500825D16 /* PaymentUIView.swift in Sources */ = {isa = PBXBuildFile; fileRef = 84114129283182E500825D16 /* PaymentUIView.swift */; };
		84176A1C282C1D7B00F7741A /* DataModelCarsInTable.swift in Sources */ = {isa = PBXBuildFile; fileRef = 84176A1B282C1D7B00F7741A /* DataModelCarsInTable.swift */; };
		842009B0283A676100A53933 /* DriverProfileFrameExampleView.swift in Sources */ = {isa = PBXBuildFile; fileRef = 842009AF283A676100A53933 /* DriverProfileFrameExampleView.swift */; };
		84314994282FEDBE007A9D12 /* BookingButtonsProtocol.swift in Sources */ = {isa = PBXBuildFile; fileRef = 84314993282FEDBE007A9D12 /* BookingButtonsProtocol.swift */; };
		843BA73428356504008F9C58 /* CarsDataProvider.swift in Sources */ = {isa = PBXBuildFile; fileRef = 843BA73328356504008F9C58 /* CarsDataProvider.swift */; };
		843BA73828356687008F9C58 /* ObteinerForDataModel.swift in Sources */ = {isa = PBXBuildFile; fileRef = 843BA73728356687008F9C58 /* ObteinerForDataModel.swift */; };
		843BA73A28356818008F9C58 /* CarsStorage.swift in Sources */ = {isa = PBXBuildFile; fileRef = 843BA73928356818008F9C58 /* CarsStorage.swift */; };
		843BA73C2835954E008F9C58 /* BackendData.swift in Sources */ = {isa = PBXBuildFile; fileRef = 843BA73B2835954E008F9C58 /* BackendData.swift */; };
		843D9F7E283EBF0B00B3CFEA /* KeysDefaults.swift in Sources */ = {isa = PBXBuildFile; fileRef = 843D9F7D283EBF0B00B3CFEA /* KeysDefaults.swift */; };
		844A26D32828D9E600AA3FB3 /* HomeScreenProtocols.swift in Sources */ = {isa = PBXBuildFile; fileRef = 844A26D22828D9E600AA3FB3 /* HomeScreenProtocols.swift */; };
		844A26D52828DB1800AA3FB3 /* CarsViewController.swift in Sources */ = {isa = PBXBuildFile; fileRef = 844A26D42828DB1800AA3FB3 /* CarsViewController.swift */; };
		844A26D82828DD9E00AA3FB3 /* CarsUIView.swift in Sources */ = {isa = PBXBuildFile; fileRef = 844A26D72828DD9E00AA3FB3 /* CarsUIView.swift */; };
		844A26DA2828E17C00AA3FB3 /* CarsTableViewCell.swift in Sources */ = {isa = PBXBuildFile; fileRef = 844A26D92828E17C00AA3FB3 /* CarsTableViewCell.swift */; };
		844A26DC2828E1DB00AA3FB3 /* CarsTableViewManager.swift in Sources */ = {isa = PBXBuildFile; fileRef = 844A26DB2828E1DB00AA3FB3 /* CarsTableViewManager.swift */; };
		844EA4312847A9AF00B89A1C /* RecentHistoryUIView.swift in Sources */ = {isa = PBXBuildFile; fileRef = 844EA4302847A9AF00B89A1C /* RecentHistoryUIView.swift */; };
		844EA4332847B1CA00B89A1C /* RecentHistoryTableViewCell.swift in Sources */ = {isa = PBXBuildFile; fileRef = 844EA4322847B1CA00B89A1C /* RecentHistoryTableViewCell.swift */; };
		844EA4352847F27E00B89A1C /* DataModelRecentHistory.swift in Sources */ = {isa = PBXBuildFile; fileRef = 844EA4342847F27E00B89A1C /* DataModelRecentHistory.swift */; };
		8462CD2E2849041400CE3190 /* HistoryDataProvider.swift in Sources */ = {isa = PBXBuildFile; fileRef = 8462CD2D2849041400CE3190 /* HistoryDataProvider.swift */; };
		8462CD3028490B3800CE3190 /* PatternDataModel.swift in Sources */ = {isa = PBXBuildFile; fileRef = 8462CD2F28490B3800CE3190 /* PatternDataModel.swift */; };
		8489C439284E646D00BD5EF3 /* Service.swift in Sources */ = {isa = PBXBuildFile; fileRef = 8489C438284E646D00BD5EF3 /* Service.swift */; };
		8489C43C284E943700BD5EF3 /* Model.swift in Sources */ = {isa = PBXBuildFile; fileRef = 8489C43B284E943700BD5EF3 /* Model.swift */; };
		848FCEB72826FEC80076B623 /* AppDelegate.swift in Sources */ = {isa = PBXBuildFile; fileRef = 848FCEB62826FEC80076B623 /* AppDelegate.swift */; };
		848FCEB92826FEC80076B623 /* SceneDelegate.swift in Sources */ = {isa = PBXBuildFile; fileRef = 848FCEB82826FEC80076B623 /* SceneDelegate.swift */; };
		848FCEC02826FEC90076B623 /* Assets.xcassets in Resources */ = {isa = PBXBuildFile; fileRef = 848FCEBF2826FEC90076B623 /* Assets.xcassets */; };
		848FCEC32826FEC90076B623 /* LaunchScreen.storyboard in Resources */ = {isa = PBXBuildFile; fileRef = 848FCEC12826FEC90076B623 /* LaunchScreen.storyboard */; };
		848FCECB2827022D0076B623 /* LoginViewController.swift in Sources */ = {isa = PBXBuildFile; fileRef = 848FCECA2827022D0076B623 /* LoginViewController.swift */; };
		848FCECD282702680076B623 /* LoginUIView.swift in Sources */ = {isa = PBXBuildFile; fileRef = 848FCECC282702680076B623 /* LoginUIView.swift */; };
		848FCED02827273B0076B623 /* LoginScreenProtocols.swift in Sources */ = {isa = PBXBuildFile; fileRef = 848FCECF2827273B0076B623 /* LoginScreenProtocols.swift */; };
		848FCED2282728920076B623 /* HomeScreenViewController.swift in Sources */ = {isa = PBXBuildFile; fileRef = 848FCED1282728920076B623 /* HomeScreenViewController.swift */; };
		849D86F9284CEAA800448214 /* String + Extension.swift in Sources */ = {isa = PBXBuildFile; fileRef = 849D86F8284CEAA800448214 /* String + Extension.swift */; };
		849D86FB284E1CBC00448214 /* GoogleService-Info.plist in Resources */ = {isa = PBXBuildFile; fileRef = 849D86FA284E1CBC00448214 /* GoogleService-Info.plist */; };
		84B24FBD28280B75001B7102 /* HomeUIView.swift in Sources */ = {isa = PBXBuildFile; fileRef = 84B24FBC28280B75001B7102 /* HomeUIView.swift */; };
		84B24FBF282810FF001B7102 /* BrandsCollectionViewManager.swift in Sources */ = {isa = PBXBuildFile; fileRef = 84B24FBE282810FF001B7102 /* BrandsCollectionViewManager.swift */; };
		84B24FC128281347001B7102 /* BrandsCollectionViewCell.swift in Sources */ = {isa = PBXBuildFile; fileRef = 84B24FC028281347001B7102 /* BrandsCollectionViewCell.swift */; };
		84B24FC528284683001B7102 /* BrandDataModel.swift in Sources */ = {isa = PBXBuildFile; fileRef = 84B24FC428284683001B7102 /* BrandDataModel.swift */; };
		84B24FC728288D73001B7102 /* RecentHistoryViewController.swift in Sources */ = {isa = PBXBuildFile; fileRef = 84B24FC628288D73001B7102 /* RecentHistoryViewController.swift */; };
		84B24FCA28288DAC001B7102 /* MapViewController.swift in Sources */ = {isa = PBXBuildFile; fileRef = 84B24FC928288DAC001B7102 /* MapViewController.swift */; };
		84B24FCD28288DF8001B7102 /* DriverProfileViewController.swift in Sources */ = {isa = PBXBuildFile; fileRef = 84B24FCC28288DF8001B7102 /* DriverProfileViewController.swift */; };
		84C1B9D3283D351300CCE5F8 /* PaymentProtocol.swift in Sources */ = {isa = PBXBuildFile; fileRef = 84C1B9D2283D351300CCE5F8 /* PaymentProtocol.swift */; };
		84C1B9D5283D439000CCE5F8 /* CodableProtocol.swift in Sources */ = {isa = PBXBuildFile; fileRef = 84C1B9D4283D439000CCE5F8 /* CodableProtocol.swift */; };
		84C229A1282ABB38002C1056 /* RegistrationViewController.swift in Sources */ = {isa = PBXBuildFile; fileRef = 84C229A0282ABB38002C1056 /* RegistrationViewController.swift */; };
		84C229A4282ABB77002C1056 /* RegistrationView.swift in Sources */ = {isa = PBXBuildFile; fileRef = 84C229A3282ABB77002C1056 /* RegistrationView.swift */; };
		84C229A6282B03A2002C1056 /* RegistrationProtocol.swift in Sources */ = {isa = PBXBuildFile; fileRef = 84C229A5282B03A2002C1056 /* RegistrationProtocol.swift */; };
		84CF1BD4282EDC810033FAFD /* BookingViewController.swift in Sources */ = {isa = PBXBuildFile; fileRef = 84CF1BD3282EDC810033FAFD /* BookingViewController.swift */; };
		84CF1BD6282EDD1F0033FAFD /* BookingUIView.swift in Sources */ = {isa = PBXBuildFile; fileRef = 84CF1BD5282EDD1F0033FAFD /* BookingUIView.swift */; };
		84CF1BD8282EE5720033FAFD /* PushToBookingProtocol.swift in Sources */ = {isa = PBXBuildFile; fileRef = 84CF1BD7282EE5720033FAFD /* PushToBookingProtocol.swift */; };
		F1EA16499CA441D9B1F6AA14 /* Pods_CarRentalApp.framework in Frameworks */ = {isa = PBXBuildFile; fileRef = 1FA80FADFB172469C9E9258D /* Pods_CarRentalApp.framework */; };
/* End PBXBuildFile section */

/* Begin PBXFileReference section */
		1FA80FADFB172469C9E9258D /* Pods_CarRentalApp.framework */ = {isa = PBXFileReference; explicitFileType = wrapper.framework; includeInIndex = 0; path = Pods_CarRentalApp.framework; sourceTree = BUILT_PRODUCTS_DIR; };
		655CFFCC7B3FCF9AB65AF186 /* Pods-CarRentalApp.debug.xcconfig */ = {isa = PBXFileReference; includeInIndex = 1; lastKnownFileType = text.xcconfig; name = "Pods-CarRentalApp.debug.xcconfig"; path = "Target Support Files/Pods-CarRentalApp/Pods-CarRentalApp.debug.xcconfig"; sourceTree = "<group>"; };
		8411412428317A4100825D16 /* ChooseCollectionViewProtocol.swift */ = {isa = PBXFileReference; lastKnownFileType = sourcecode.swift; path = ChooseCollectionViewProtocol.swift; sourceTree = "<group>"; };
		84114126283182AC00825D16 /* PaymentViewController.swift */ = {isa = PBXFileReference; lastKnownFileType = sourcecode.swift; path = PaymentViewController.swift; sourceTree = "<group>"; };
		84114129283182E500825D16 /* PaymentUIView.swift */ = {isa = PBXFileReference; lastKnownFileType = sourcecode.swift; path = PaymentUIView.swift; sourceTree = "<group>"; };
		84176A1B282C1D7B00F7741A /* DataModelCarsInTable.swift */ = {isa = PBXFileReference; lastKnownFileType = sourcecode.swift; path = DataModelCarsInTable.swift; sourceTree = "<group>"; };
		842009AF283A676100A53933 /* DriverProfileFrameExampleView.swift */ = {isa = PBXFileReference; lastKnownFileType = sourcecode.swift; path = DriverProfileFrameExampleView.swift; sourceTree = "<group>"; };
		84314993282FEDBE007A9D12 /* BookingButtonsProtocol.swift */ = {isa = PBXFileReference; lastKnownFileType = sourcecode.swift; path = BookingButtonsProtocol.swift; sourceTree = "<group>"; };
		843BA73328356504008F9C58 /* CarsDataProvider.swift */ = {isa = PBXFileReference; lastKnownFileType = sourcecode.swift; path = CarsDataProvider.swift; sourceTree = "<group>"; };
		843BA73728356687008F9C58 /* ObteinerForDataModel.swift */ = {isa = PBXFileReference; lastKnownFileType = sourcecode.swift; path = ObteinerForDataModel.swift; sourceTree = "<group>"; };
		843BA73928356818008F9C58 /* CarsStorage.swift */ = {isa = PBXFileReference; lastKnownFileType = sourcecode.swift; path = CarsStorage.swift; sourceTree = "<group>"; };
		843BA73B2835954E008F9C58 /* BackendData.swift */ = {isa = PBXFileReference; lastKnownFileType = sourcecode.swift; path = BackendData.swift; sourceTree = "<group>"; };
		843D9F7D283EBF0B00B3CFEA /* KeysDefaults.swift */ = {isa = PBXFileReference; lastKnownFileType = sourcecode.swift; path = KeysDefaults.swift; sourceTree = "<group>"; };
		844A26D22828D9E600AA3FB3 /* HomeScreenProtocols.swift */ = {isa = PBXFileReference; lastKnownFileType = sourcecode.swift; path = HomeScreenProtocols.swift; sourceTree = "<group>"; };
		844A26D42828DB1800AA3FB3 /* CarsViewController.swift */ = {isa = PBXFileReference; lastKnownFileType = sourcecode.swift; path = CarsViewController.swift; sourceTree = "<group>"; };
		844A26D72828DD9E00AA3FB3 /* CarsUIView.swift */ = {isa = PBXFileReference; lastKnownFileType = sourcecode.swift; path = CarsUIView.swift; sourceTree = "<group>"; };
		844A26D92828E17C00AA3FB3 /* CarsTableViewCell.swift */ = {isa = PBXFileReference; lastKnownFileType = sourcecode.swift; path = CarsTableViewCell.swift; sourceTree = "<group>"; };
		844A26DB2828E1DB00AA3FB3 /* CarsTableViewManager.swift */ = {isa = PBXFileReference; lastKnownFileType = sourcecode.swift; path = CarsTableViewManager.swift; sourceTree = "<group>"; };
		844EA4302847A9AF00B89A1C /* RecentHistoryUIView.swift */ = {isa = PBXFileReference; lastKnownFileType = sourcecode.swift; path = RecentHistoryUIView.swift; sourceTree = "<group>"; };
		844EA4322847B1CA00B89A1C /* RecentHistoryTableViewCell.swift */ = {isa = PBXFileReference; lastKnownFileType = sourcecode.swift; path = RecentHistoryTableViewCell.swift; sourceTree = "<group>"; };
		844EA4342847F27E00B89A1C /* DataModelRecentHistory.swift */ = {isa = PBXFileReference; lastKnownFileType = sourcecode.swift; path = DataModelRecentHistory.swift; sourceTree = "<group>"; };
		8462CD2D2849041400CE3190 /* HistoryDataProvider.swift */ = {isa = PBXFileReference; lastKnownFileType = sourcecode.swift; path = HistoryDataProvider.swift; sourceTree = "<group>"; };
		8462CD2F28490B3800CE3190 /* PatternDataModel.swift */ = {isa = PBXFileReference; lastKnownFileType = sourcecode.swift; path = PatternDataModel.swift; sourceTree = "<group>"; };
		8489C438284E646D00BD5EF3 /* Service.swift */ = {isa = PBXFileReference; lastKnownFileType = sourcecode.swift; path = Service.swift; sourceTree = "<group>"; };
		8489C43B284E943700BD5EF3 /* Model.swift */ = {isa = PBXFileReference; lastKnownFileType = sourcecode.swift; path = Model.swift; sourceTree = "<group>"; };
		848FCEB32826FEC80076B623 /* CarRentalApp.app */ = {isa = PBXFileReference; explicitFileType = wrapper.application; includeInIndex = 0; path = CarRentalApp.app; sourceTree = BUILT_PRODUCTS_DIR; };
		848FCEB62826FEC80076B623 /* AppDelegate.swift */ = {isa = PBXFileReference; lastKnownFileType = sourcecode.swift; path = AppDelegate.swift; sourceTree = "<group>"; };
		848FCEB82826FEC80076B623 /* SceneDelegate.swift */ = {isa = PBXFileReference; lastKnownFileType = sourcecode.swift; path = SceneDelegate.swift; sourceTree = "<group>"; };
		848FCEBF2826FEC90076B623 /* Assets.xcassets */ = {isa = PBXFileReference; lastKnownFileType = folder.assetcatalog; path = Assets.xcassets; sourceTree = "<group>"; };
		848FCEC22826FEC90076B623 /* Base */ = {isa = PBXFileReference; lastKnownFileType = file.storyboard; name = Base; path = Base.lproj/LaunchScreen.storyboard; sourceTree = "<group>"; };
		848FCEC42826FEC90076B623 /* Info.plist */ = {isa = PBXFileReference; lastKnownFileType = text.plist.xml; path = Info.plist; sourceTree = "<group>"; };
		848FCECA2827022D0076B623 /* LoginViewController.swift */ = {isa = PBXFileReference; lastKnownFileType = sourcecode.swift; path = LoginViewController.swift; sourceTree = "<group>"; };
		848FCECC282702680076B623 /* LoginUIView.swift */ = {isa = PBXFileReference; lastKnownFileType = sourcecode.swift; path = LoginUIView.swift; sourceTree = "<group>"; };
		848FCECF2827273B0076B623 /* LoginScreenProtocols.swift */ = {isa = PBXFileReference; lastKnownFileType = sourcecode.swift; path = LoginScreenProtocols.swift; sourceTree = "<group>"; };
		848FCED1282728920076B623 /* HomeScreenViewController.swift */ = {isa = PBXFileReference; lastKnownFileType = sourcecode.swift; path = HomeScreenViewController.swift; sourceTree = "<group>"; };
		849D86F8284CEAA800448214 /* String + Extension.swift */ = {isa = PBXFileReference; lastKnownFileType = sourcecode.swift; path = "String + Extension.swift"; sourceTree = "<group>"; };
		849D86FA284E1CBC00448214 /* GoogleService-Info.plist */ = {isa = PBXFileReference; fileEncoding = 4; lastKnownFileType = text.plist.xml; path = "GoogleService-Info.plist"; sourceTree = "<group>"; };
		84B24FBC28280B75001B7102 /* HomeUIView.swift */ = {isa = PBXFileReference; lastKnownFileType = sourcecode.swift; path = HomeUIView.swift; sourceTree = "<group>"; };
		84B24FBE282810FF001B7102 /* BrandsCollectionViewManager.swift */ = {isa = PBXFileReference; lastKnownFileType = sourcecode.swift; path = BrandsCollectionViewManager.swift; sourceTree = "<group>"; };
		84B24FC028281347001B7102 /* BrandsCollectionViewCell.swift */ = {isa = PBXFileReference; lastKnownFileType = sourcecode.swift; path = BrandsCollectionViewCell.swift; sourceTree = "<group>"; };
		84B24FC428284683001B7102 /* BrandDataModel.swift */ = {isa = PBXFileReference; lastKnownFileType = sourcecode.swift; path = BrandDataModel.swift; sourceTree = "<group>"; };
		84B24FC628288D73001B7102 /* RecentHistoryViewController.swift */ = {isa = PBXFileReference; lastKnownFileType = sourcecode.swift; path = RecentHistoryViewController.swift; sourceTree = "<group>"; };
		84B24FC928288DAC001B7102 /* MapViewController.swift */ = {isa = PBXFileReference; lastKnownFileType = sourcecode.swift; path = MapViewController.swift; sourceTree = "<group>"; };
		84B24FCC28288DF8001B7102 /* DriverProfileViewController.swift */ = {isa = PBXFileReference; lastKnownFileType = sourcecode.swift; path = DriverProfileViewController.swift; sourceTree = "<group>"; };
		84C1B9D2283D351300CCE5F8 /* PaymentProtocol.swift */ = {isa = PBXFileReference; lastKnownFileType = sourcecode.swift; path = PaymentProtocol.swift; sourceTree = "<group>"; };
		84C1B9D4283D439000CCE5F8 /* CodableProtocol.swift */ = {isa = PBXFileReference; lastKnownFileType = sourcecode.swift; path = CodableProtocol.swift; sourceTree = "<group>"; };
		84C229A0282ABB38002C1056 /* RegistrationViewController.swift */ = {isa = PBXFileReference; lastKnownFileType = sourcecode.swift; path = RegistrationViewController.swift; sourceTree = "<group>"; };
		84C229A3282ABB77002C1056 /* RegistrationView.swift */ = {isa = PBXFileReference; lastKnownFileType = sourcecode.swift; path = RegistrationView.swift; sourceTree = "<group>"; };
		84C229A5282B03A2002C1056 /* RegistrationProtocol.swift */ = {isa = PBXFileReference; lastKnownFileType = sourcecode.swift; path = RegistrationProtocol.swift; sourceTree = "<group>"; };
		84CF1BD3282EDC810033FAFD /* BookingViewController.swift */ = {isa = PBXFileReference; lastKnownFileType = sourcecode.swift; path = BookingViewController.swift; sourceTree = "<group>"; };
		84CF1BD5282EDD1F0033FAFD /* BookingUIView.swift */ = {isa = PBXFileReference; lastKnownFileType = sourcecode.swift; path = BookingUIView.swift; sourceTree = "<group>"; };
		84CF1BD7282EE5720033FAFD /* PushToBookingProtocol.swift */ = {isa = PBXFileReference; lastKnownFileType = sourcecode.swift; path = PushToBookingProtocol.swift; sourceTree = "<group>"; };
		A45C7EF2E3345425FD1C5871 /* Pods-CarRentalApp.release.xcconfig */ = {isa = PBXFileReference; includeInIndex = 1; lastKnownFileType = text.xcconfig; name = "Pods-CarRentalApp.release.xcconfig"; path = "Target Support Files/Pods-CarRentalApp/Pods-CarRentalApp.release.xcconfig"; sourceTree = "<group>"; };
/* End PBXFileReference section */

/* Begin PBXFrameworksBuildPhase section */
		848FCEB02826FEC80076B623 /* Frameworks */ = {
			isa = PBXFrameworksBuildPhase;
			buildActionMask = 2147483647;
			files = (
				F1EA16499CA441D9B1F6AA14 /* Pods_CarRentalApp.framework in Frameworks */,
			);
			runOnlyForDeploymentPostprocessing = 0;
		};
/* End PBXFrameworksBuildPhase section */

/* Begin PBXGroup section */
		1AFA42AA62F75AD7A794579C /* Pods */ = {
			isa = PBXGroup;
			children = (
				655CFFCC7B3FCF9AB65AF186 /* Pods-CarRentalApp.debug.xcconfig */,
				A45C7EF2E3345425FD1C5871 /* Pods-CarRentalApp.release.xcconfig */,
			);
			path = Pods;
			sourceTree = "<group>";
		};
		84114128283182B200825D16 /* PaymentScreen */ = {
			isa = PBXGroup;
			children = (
				84114126283182AC00825D16 /* PaymentViewController.swift */,
				84114129283182E500825D16 /* PaymentUIView.swift */,
				84C1B9D2283D351300CCE5F8 /* PaymentProtocol.swift */,
				84C1B9D4283D439000CCE5F8 /* CodableProtocol.swift */,
				843D9F7D283EBF0B00B3CFEA /* KeysDefaults.swift */,
			);
			path = PaymentScreen;
			sourceTree = "<group>";
		};
		843BA73528356511008F9C58 /* Protocols */ = {
			isa = PBXGroup;
			children = (
				84CF1BD7282EE5720033FAFD /* PushToBookingProtocol.swift */,
				8411412428317A4100825D16 /* ChooseCollectionViewProtocol.swift */,
			);
			path = Protocols;
			sourceTree = "<group>";
		};
		843BA73628356523008F9C58 /* Features */ = {
			isa = PBXGroup;
			children = (
				843BA73328356504008F9C58 /* CarsDataProvider.swift */,
				843BA73728356687008F9C58 /* ObteinerForDataModel.swift */,
				843BA73928356818008F9C58 /* CarsStorage.swift */,
				84176A1B282C1D7B00F7741A /* DataModelCarsInTable.swift */,
				843BA73B2835954E008F9C58 /* BackendData.swift */,
			);
			path = Features;
			sourceTree = "<group>";
		};
		844A26D12828D5F100AA3FB3 /* Recources */ = {
			isa = PBXGroup;
			children = (
				848FCEBF2826FEC90076B623 /* Assets.xcassets */,
				848FCEC12826FEC90076B623 /* LaunchScreen.storyboard */,
				848FCEC42826FEC90076B623 /* Info.plist */,
				849D86FA284E1CBC00448214 /* GoogleService-Info.plist */,
			);
			path = Recources;
			sourceTree = "<group>";
		};
		844A26D62828DB2000AA3FB3 /* CarsScreen */ = {
			isa = PBXGroup;
			children = (
				844A26D42828DB1800AA3FB3 /* CarsViewController.swift */,
				844A26D72828DD9E00AA3FB3 /* CarsUIView.swift */,
				844A26DB2828E1DB00AA3FB3 /* CarsTableViewManager.swift */,
				844A26D92828E17C00AA3FB3 /* CarsTableViewCell.swift */,
				843BA73628356523008F9C58 /* Features */,
				843BA73528356511008F9C58 /* Protocols */,
			);
			path = CarsScreen;
			sourceTree = "<group>";
		};
		8489C43A284E665B00BD5EF3 /* Service */ = {
			isa = PBXGroup;
			children = (
				8489C438284E646D00BD5EF3 /* Service.swift */,
			);
			path = Service;
			sourceTree = "<group>";
		};
		848FCEAA2826FEC80076B623 = {
			isa = PBXGroup;
			children = (
				848FCEB52826FEC80076B623 /* CarRentalApp */,
				848FCEB42826FEC80076B623 /* Products */,
				1AFA42AA62F75AD7A794579C /* Pods */,
				90EB20D02BBB6F170A59A934 /* Frameworks */,
			);
			sourceTree = "<group>";
		};
		848FCEB42826FEC80076B623 /* Products */ = {
			isa = PBXGroup;
			children = (
				848FCEB32826FEC80076B623 /* CarRentalApp.app */,
			);
			name = Products;
			sourceTree = "<group>";
		};
		848FCEB52826FEC80076B623 /* CarRentalApp */ = {
			isa = PBXGroup;
			children = (
				848FCEB62826FEC80076B623 /* AppDelegate.swift */,
				848FCEB82826FEC80076B623 /* SceneDelegate.swift */,
				844A26D12828D5F100AA3FB3 /* Recources */,
				8489C43A284E665B00BD5EF3 /* Service */,
				848FCECE2827026E0076B623 /* LoginScreen */,
				84C229A2282ABB40002C1056 /* RegistrationScreen */,
				848FCED3282728970076B623 /* HomeScreen */,
				844A26D62828DB2000AA3FB3 /* CarsScreen */,
				84CF1BD2282EDC500033FAFD /* BookingScreen */,
				84114128283182B200825D16 /* PaymentScreen */,
				84B24FC828288D7A001B7102 /* RecentHistoryScreen */,
				84B24FCB28288DB6001B7102 /* MapScreen */,
				84B24FCE28288DFC001B7102 /* DriverProfileScreen */,
			);
			path = CarRentalApp;
			sourceTree = "<group>";
		};
		848FCECE2827026E0076B623 /* LoginScreen */ = {
			isa = PBXGroup;
			children = (
				848FCECA2827022D0076B623 /* LoginViewController.swift */,
				848FCECC282702680076B623 /* LoginUIView.swift */,
				848FCECF2827273B0076B623 /* LoginScreenProtocols.swift */,
			);
			path = LoginScreen;
			sourceTree = "<group>";
		};
		848FCED3282728970076B623 /* HomeScreen */ = {
			isa = PBXGroup;
			children = (
				848FCED1282728920076B623 /* HomeScreenViewController.swift */,
				84B24FBC28280B75001B7102 /* HomeUIView.swift */,
				84B24FBE282810FF001B7102 /* BrandsCollectionViewManager.swift */,
				84B24FC028281347001B7102 /* BrandsCollectionViewCell.swift */,
				84B24FC428284683001B7102 /* BrandDataModel.swift */,
				844A26D22828D9E600AA3FB3 /* HomeScreenProtocols.swift */,
			);
			path = HomeScreen;
			sourceTree = "<group>";
		};
		84B24FC828288D7A001B7102 /* RecentHistoryScreen */ = {
			isa = PBXGroup;
			children = (
				84B24FC628288D73001B7102 /* RecentHistoryViewController.swift */,
				844EA4302847A9AF00B89A1C /* RecentHistoryUIView.swift */,
				844EA4322847B1CA00B89A1C /* RecentHistoryTableViewCell.swift */,
				8462CD2D2849041400CE3190 /* HistoryDataProvider.swift */,
				844EA4342847F27E00B89A1C /* DataModelRecentHistory.swift */,
				8462CD2F28490B3800CE3190 /* PatternDataModel.swift */,
			);
			path = RecentHistoryScreen;
			sourceTree = "<group>";
		};
		84B24FCB28288DB6001B7102 /* MapScreen */ = {
			isa = PBXGroup;
			children = (
				84B24FC928288DAC001B7102 /* MapViewController.swift */,
			);
			path = MapScreen;
			sourceTree = "<group>";
		};
		84B24FCE28288DFC001B7102 /* DriverProfileScreen */ = {
			isa = PBXGroup;
			children = (
				84B24FCC28288DF8001B7102 /* DriverProfileViewController.swift */,
				842009AF283A676100A53933 /* DriverProfileFrameExampleView.swift */,
			);
			path = DriverProfileScreen;
			sourceTree = "<group>";
		};
		84C229A2282ABB40002C1056 /* RegistrationScreen */ = {
			isa = PBXGroup;
			children = (
				84C229A0282ABB38002C1056 /* RegistrationViewController.swift */,
				84C229A3282ABB77002C1056 /* RegistrationView.swift */,
				84C229A5282B03A2002C1056 /* RegistrationProtocol.swift */,
				849D86F8284CEAA800448214 /* String + Extension.swift */,
				8489C43B284E943700BD5EF3 /* Model.swift */,
			);
			path = RegistrationScreen;
			sourceTree = "<group>";
		};
		84CF1BD2282EDC500033FAFD /* BookingScreen */ = {
			isa = PBXGroup;
			children = (
				84CF1BD3282EDC810033FAFD /* BookingViewController.swift */,
				84CF1BD5282EDD1F0033FAFD /* BookingUIView.swift */,
				84314993282FEDBE007A9D12 /* BookingButtonsProtocol.swift */,
			);
			path = BookingScreen;
			sourceTree = "<group>";
		};
		90EB20D02BBB6F170A59A934 /* Frameworks */ = {
			isa = PBXGroup;
			children = (
				1FA80FADFB172469C9E9258D /* Pods_CarRentalApp.framework */,
			);
			name = Frameworks;
			sourceTree = "<group>";
		};
/* End PBXGroup section */

/* Begin PBXNativeTarget section */
		848FCEB22826FEC80076B623 /* CarRentalApp */ = {
			isa = PBXNativeTarget;
			buildConfigurationList = 848FCEC72826FEC90076B623 /* Build configuration list for PBXNativeTarget "CarRentalApp" */;
			buildPhases = (
				23A1D37F083CB5BD953DAF43 /* [CP] Check Pods Manifest.lock */,
				848FCEAF2826FEC80076B623 /* Sources */,
				848FCEB02826FEC80076B623 /* Frameworks */,
				848FCEB12826FEC80076B623 /* Resources */,
				2473714559B47F3CB87FE8A6 /* [CP] Embed Pods Frameworks */,
			);
			buildRules = (
			);
			dependencies = (
			);
			name = CarRentalApp;
			productName = CarRentalApp;
			productReference = 848FCEB32826FEC80076B623 /* CarRentalApp.app */;
			productType = "com.apple.product-type.application";
		};
/* End PBXNativeTarget section */

/* Begin PBXProject section */
		848FCEAB2826FEC80076B623 /* Project object */ = {
			isa = PBXProject;
			attributes = {
				BuildIndependentTargetsInParallel = 1;
				LastSwiftUpdateCheck = 1330;
				LastUpgradeCheck = 1330;
				TargetAttributes = {
					848FCEB22826FEC80076B623 = {
						CreatedOnToolsVersion = 13.3;
					};
				};
			};
			buildConfigurationList = 848FCEAE2826FEC80076B623 /* Build configuration list for PBXProject "CarRentalApp" */;
			compatibilityVersion = "Xcode 13.0";
			developmentRegion = en;
			hasScannedForEncodings = 0;
			knownRegions = (
				en,
				Base,
			);
			mainGroup = 848FCEAA2826FEC80076B623;
			productRefGroup = 848FCEB42826FEC80076B623 /* Products */;
			projectDirPath = "";
			projectRoot = "";
			targets = (
				848FCEB22826FEC80076B623 /* CarRentalApp */,
			);
		};
/* End PBXProject section */

/* Begin PBXResourcesBuildPhase section */
		848FCEB12826FEC80076B623 /* Resources */ = {
			isa = PBXResourcesBuildPhase;
			buildActionMask = 2147483647;
			files = (
				848FCEC32826FEC90076B623 /* LaunchScreen.storyboard in Resources */,
				848FCEC02826FEC90076B623 /* Assets.xcassets in Resources */,
				849D86FB284E1CBC00448214 /* GoogleService-Info.plist in Resources */,
			);
			runOnlyForDeploymentPostprocessing = 0;
		};
/* End PBXResourcesBuildPhase section */

/* Begin PBXShellScriptBuildPhase section */
		23A1D37F083CB5BD953DAF43 /* [CP] Check Pods Manifest.lock */ = {
			isa = PBXShellScriptBuildPhase;
			buildActionMask = 2147483647;
			files = (
			);
			inputFileListPaths = (
			);
			inputPaths = (
				"${PODS_PODFILE_DIR_PATH}/Podfile.lock",
				"${PODS_ROOT}/Manifest.lock",
			);
			name = "[CP] Check Pods Manifest.lock";
			outputFileListPaths = (
			);
			outputPaths = (
				"$(DERIVED_FILE_DIR)/Pods-CarRentalApp-checkManifestLockResult.txt",
			);
			runOnlyForDeploymentPostprocessing = 0;
			shellPath = /bin/sh;
			shellScript = "diff \"${PODS_PODFILE_DIR_PATH}/Podfile.lock\" \"${PODS_ROOT}/Manifest.lock\" > /dev/null\nif [ $? != 0 ] ; then\n    # print error to STDERR\n    echo \"error: The sandbox is not in sync with the Podfile.lock. Run 'pod install' or update your CocoaPods installation.\" >&2\n    exit 1\nfi\n# This output is used by Xcode 'outputs' to avoid re-running this script phase.\necho \"SUCCESS\" > \"${SCRIPT_OUTPUT_FILE_0}\"\n";
			showEnvVarsInLog = 0;
		};
		2473714559B47F3CB87FE8A6 /* [CP] Embed Pods Frameworks */ = {
			isa = PBXShellScriptBuildPhase;
			buildActionMask = 2147483647;
			files = (
			);
			inputFileListPaths = (
				"${PODS_ROOT}/Target Support Files/Pods-CarRentalApp/Pods-CarRentalApp-frameworks-${CONFIGURATION}-input-files.xcfilelist",
			);
			name = "[CP] Embed Pods Frameworks";
			outputFileListPaths = (
				"${PODS_ROOT}/Target Support Files/Pods-CarRentalApp/Pods-CarRentalApp-frameworks-${CONFIGURATION}-output-files.xcfilelist",
			);
			runOnlyForDeploymentPostprocessing = 0;
			shellPath = /bin/sh;
			shellScript = "\"${PODS_ROOT}/Target Support Files/Pods-CarRentalApp/Pods-CarRentalApp-frameworks.sh\"\n";
			showEnvVarsInLog = 0;
		};
/* End PBXShellScriptBuildPhase section */

/* Begin PBXSourcesBuildPhase section */
		848FCEAF2826FEC80076B623 /* Sources */ = {
			isa = PBXSourcesBuildPhase;
			buildActionMask = 2147483647;
			files = (
				8489C43C284E943700BD5EF3 /* Model.swift in Sources */,
				843D9F7E283EBF0B00B3CFEA /* KeysDefaults.swift in Sources */,
				84C229A6282B03A2002C1056 /* RegistrationProtocol.swift in Sources */,
				844EA4332847B1CA00B89A1C /* RecentHistoryTableViewCell.swift in Sources */,
				843BA73828356687008F9C58 /* ObteinerForDataModel.swift in Sources */,
				84B24FC528284683001B7102 /* BrandDataModel.swift in Sources */,
				84C1B9D3283D351300CCE5F8 /* PaymentProtocol.swift in Sources */,
				848FCECB2827022D0076B623 /* LoginViewController.swift in Sources */,
				843BA73C2835954E008F9C58 /* BackendData.swift in Sources */,
				842009B0283A676100A53933 /* DriverProfileFrameExampleView.swift in Sources */,
				84C229A4282ABB77002C1056 /* RegistrationView.swift in Sources */,
				84C1B9D5283D439000CCE5F8 /* CodableProtocol.swift in Sources */,
				84B24FC128281347001B7102 /* BrandsCollectionViewCell.swift in Sources */,
				84B24FBF282810FF001B7102 /* BrandsCollectionViewManager.swift in Sources */,
				8411412A283182E500825D16 /* PaymentUIView.swift in Sources */,
				848FCED02827273B0076B623 /* LoginScreenProtocols.swift in Sources */,
				84114127283182AC00825D16 /* PaymentViewController.swift in Sources */,
				843BA73A28356818008F9C58 /* CarsStorage.swift in Sources */,
				84CF1BD8282EE5720033FAFD /* PushToBookingProtocol.swift in Sources */,
				84B24FCD28288DF8001B7102 /* DriverProfileViewController.swift in Sources */,
				84176A1C282C1D7B00F7741A /* DataModelCarsInTable.swift in Sources */,
				84B24FCA28288DAC001B7102 /* MapViewController.swift in Sources */,
				848FCECD282702680076B623 /* LoginUIView.swift in Sources */,
				84CF1BD4282EDC810033FAFD /* BookingViewController.swift in Sources */,
				8462CD2E2849041400CE3190 /* HistoryDataProvider.swift in Sources */,
				848FCEB72826FEC80076B623 /* AppDelegate.swift in Sources */,
				844A26D32828D9E600AA3FB3 /* HomeScreenProtocols.swift in Sources */,
				844A26D52828DB1800AA3FB3 /* CarsViewController.swift in Sources */,
				844A26DC2828E1DB00AA3FB3 /* CarsTableViewManager.swift in Sources */,
				844EA4352847F27E00B89A1C /* DataModelRecentHistory.swift in Sources */,
				843BA73428356504008F9C58 /* CarsDataProvider.swift in Sources */,
				84B24FBD28280B75001B7102 /* HomeUIView.swift in Sources */,
				84C229A1282ABB38002C1056 /* RegistrationViewController.swift in Sources */,
				84CF1BD6282EDD1F0033FAFD /* BookingUIView.swift in Sources */,
				849D86F9284CEAA800448214 /* String + Extension.swift in Sources */,
				844EA4312847A9AF00B89A1C /* RecentHistoryUIView.swift in Sources */,
				848FCEB92826FEC80076B623 /* SceneDelegate.swift in Sources */,
				844A26DA2828E17C00AA3FB3 /* CarsTableViewCell.swift in Sources */,
				8411412528317A4100825D16 /* ChooseCollectionViewProtocol.swift in Sources */,
				84B24FC728288D73001B7102 /* RecentHistoryViewController.swift in Sources */,
				84314994282FEDBE007A9D12 /* BookingButtonsProtocol.swift in Sources */,
				844A26D82828DD9E00AA3FB3 /* CarsUIView.swift in Sources */,
				8489C439284E646D00BD5EF3 /* Service.swift in Sources */,
				8462CD3028490B3800CE3190 /* PatternDataModel.swift in Sources */,
				848FCED2282728920076B623 /* HomeScreenViewController.swift in Sources */,
			);
			runOnlyForDeploymentPostprocessing = 0;
		};
/* End PBXSourcesBuildPhase section */

/* Begin PBXVariantGroup section */
		848FCEC12826FEC90076B623 /* LaunchScreen.storyboard */ = {
			isa = PBXVariantGroup;
			children = (
				848FCEC22826FEC90076B623 /* Base */,
			);
			name = LaunchScreen.storyboard;
			sourceTree = "<group>";
		};
/* End PBXVariantGroup section */

/* Begin XCBuildConfiguration section */
		848FCEC52826FEC90076B623 /* Debug */ = {
			isa = XCBuildConfiguration;
			buildSettings = {
				ALWAYS_SEARCH_USER_PATHS = NO;
				CLANG_ANALYZER_NONNULL = YES;
				CLANG_ANALYZER_NUMBER_OBJECT_CONVERSION = YES_AGGRESSIVE;
				CLANG_CXX_LANGUAGE_STANDARD = "gnu++17";
				CLANG_ENABLE_MODULES = YES;
				CLANG_ENABLE_OBJC_ARC = YES;
				CLANG_ENABLE_OBJC_WEAK = YES;
				CLANG_WARN_BLOCK_CAPTURE_AUTORELEASING = YES;
				CLANG_WARN_BOOL_CONVERSION = YES;
				CLANG_WARN_COMMA = YES;
				CLANG_WARN_CONSTANT_CONVERSION = YES;
				CLANG_WARN_DEPRECATED_OBJC_IMPLEMENTATIONS = YES;
				CLANG_WARN_DIRECT_OBJC_ISA_USAGE = YES_ERROR;
				CLANG_WARN_DOCUMENTATION_COMMENTS = YES;
				CLANG_WARN_EMPTY_BODY = YES;
				CLANG_WARN_ENUM_CONVERSION = YES;
				CLANG_WARN_INFINITE_RECURSION = YES;
				CLANG_WARN_INT_CONVERSION = YES;
				CLANG_WARN_NON_LITERAL_NULL_CONVERSION = YES;
				CLANG_WARN_OBJC_IMPLICIT_RETAIN_SELF = YES;
				CLANG_WARN_OBJC_LITERAL_CONVERSION = YES;
				CLANG_WARN_OBJC_ROOT_CLASS = YES_ERROR;
				CLANG_WARN_QUOTED_INCLUDE_IN_FRAMEWORK_HEADER = YES;
				CLANG_WARN_RANGE_LOOP_ANALYSIS = YES;
				CLANG_WARN_STRICT_PROTOTYPES = YES;
				CLANG_WARN_SUSPICIOUS_MOVE = YES;
				CLANG_WARN_UNGUARDED_AVAILABILITY = YES_AGGRESSIVE;
				CLANG_WARN_UNREACHABLE_CODE = YES;
				CLANG_WARN__DUPLICATE_METHOD_MATCH = YES;
				COPY_PHASE_STRIP = NO;
				DEBUG_INFORMATION_FORMAT = dwarf;
				ENABLE_STRICT_OBJC_MSGSEND = YES;
				ENABLE_TESTABILITY = YES;
				GCC_C_LANGUAGE_STANDARD = gnu11;
				GCC_DYNAMIC_NO_PIC = NO;
				GCC_NO_COMMON_BLOCKS = YES;
				GCC_OPTIMIZATION_LEVEL = 0;
				GCC_PREPROCESSOR_DEFINITIONS = (
					"DEBUG=1",
					"$(inherited)",
				);
				GCC_WARN_64_TO_32_BIT_CONVERSION = YES;
				GCC_WARN_ABOUT_RETURN_TYPE = YES_ERROR;
				GCC_WARN_UNDECLARED_SELECTOR = YES;
				GCC_WARN_UNINITIALIZED_AUTOS = YES_AGGRESSIVE;
				GCC_WARN_UNUSED_FUNCTION = YES;
				GCC_WARN_UNUSED_VARIABLE = YES;
				IPHONEOS_DEPLOYMENT_TARGET = 15.4;
				MTL_ENABLE_DEBUG_INFO = INCLUDE_SOURCE;
				MTL_FAST_MATH = YES;
				ONLY_ACTIVE_ARCH = YES;
				SDKROOT = iphoneos;
				SWIFT_ACTIVE_COMPILATION_CONDITIONS = DEBUG;
				SWIFT_OPTIMIZATION_LEVEL = "-Onone";
			};
			name = Debug;
		};
		848FCEC62826FEC90076B623 /* Release */ = {
			isa = XCBuildConfiguration;
			buildSettings = {
				ALWAYS_SEARCH_USER_PATHS = NO;
				CLANG_ANALYZER_NONNULL = YES;
				CLANG_ANALYZER_NUMBER_OBJECT_CONVERSION = YES_AGGRESSIVE;
				CLANG_CXX_LANGUAGE_STANDARD = "gnu++17";
				CLANG_ENABLE_MODULES = YES;
				CLANG_ENABLE_OBJC_ARC = YES;
				CLANG_ENABLE_OBJC_WEAK = YES;
				CLANG_WARN_BLOCK_CAPTURE_AUTORELEASING = YES;
				CLANG_WARN_BOOL_CONVERSION = YES;
				CLANG_WARN_COMMA = YES;
				CLANG_WARN_CONSTANT_CONVERSION = YES;
				CLANG_WARN_DEPRECATED_OBJC_IMPLEMENTATIONS = YES;
				CLANG_WARN_DIRECT_OBJC_ISA_USAGE = YES_ERROR;
				CLANG_WARN_DOCUMENTATION_COMMENTS = YES;
				CLANG_WARN_EMPTY_BODY = YES;
				CLANG_WARN_ENUM_CONVERSION = YES;
				CLANG_WARN_INFINITE_RECURSION = YES;
				CLANG_WARN_INT_CONVERSION = YES;
				CLANG_WARN_NON_LITERAL_NULL_CONVERSION = YES;
				CLANG_WARN_OBJC_IMPLICIT_RETAIN_SELF = YES;
				CLANG_WARN_OBJC_LITERAL_CONVERSION = YES;
				CLANG_WARN_OBJC_ROOT_CLASS = YES_ERROR;
				CLANG_WARN_QUOTED_INCLUDE_IN_FRAMEWORK_HEADER = YES;
				CLANG_WARN_RANGE_LOOP_ANALYSIS = YES;
				CLANG_WARN_STRICT_PROTOTYPES = YES;
				CLANG_WARN_SUSPICIOUS_MOVE = YES;
				CLANG_WARN_UNGUARDED_AVAILABILITY = YES_AGGRESSIVE;
				CLANG_WARN_UNREACHABLE_CODE = YES;
				CLANG_WARN__DUPLICATE_METHOD_MATCH = YES;
				COPY_PHASE_STRIP = NO;
				DEBUG_INFORMATION_FORMAT = "dwarf-with-dsym";
				ENABLE_NS_ASSERTIONS = NO;
				ENABLE_STRICT_OBJC_MSGSEND = YES;
				GCC_C_LANGUAGE_STANDARD = gnu11;
				GCC_NO_COMMON_BLOCKS = YES;
				GCC_WARN_64_TO_32_BIT_CONVERSION = YES;
				GCC_WARN_ABOUT_RETURN_TYPE = YES_ERROR;
				GCC_WARN_UNDECLARED_SELECTOR = YES;
				GCC_WARN_UNINITIALIZED_AUTOS = YES_AGGRESSIVE;
				GCC_WARN_UNUSED_FUNCTION = YES;
				GCC_WARN_UNUSED_VARIABLE = YES;
				IPHONEOS_DEPLOYMENT_TARGET = 15.4;
				MTL_ENABLE_DEBUG_INFO = NO;
				MTL_FAST_MATH = YES;
				SDKROOT = iphoneos;
				SWIFT_COMPILATION_MODE = wholemodule;
				SWIFT_OPTIMIZATION_LEVEL = "-O";
				VALIDATE_PRODUCT = YES;
			};
			name = Release;
		};
		848FCEC82826FEC90076B623 /* Debug */ = {
			isa = XCBuildConfiguration;
			baseConfigurationReference = 655CFFCC7B3FCF9AB65AF186 /* Pods-CarRentalApp.debug.xcconfig */;
			buildSettings = {
				ASSETCATALOG_COMPILER_APPICON_NAME = AppIcon;
				ASSETCATALOG_COMPILER_GLOBAL_ACCENT_COLOR_NAME = AccentColor;
				CODE_SIGN_STYLE = Automatic;
				CURRENT_PROJECT_VERSION = 1;
				DEVELOPMENT_TEAM = 8248857XZ3;
				GENERATE_INFOPLIST_FILE = YES;
				INFOPLIST_FILE = CarRentalApp/Recources/Info.plist;
				INFOPLIST_KEY_UIApplicationSupportsIndirectInputEvents = YES;
				INFOPLIST_KEY_UILaunchStoryboardName = LaunchScreen;
				INFOPLIST_KEY_UISupportedInterfaceOrientations_iPad = "UIInterfaceOrientationPortrait UIInterfaceOrientationPortraitUpsideDown UIInterfaceOrientationLandscapeLeft UIInterfaceOrientationLandscapeRight";
				INFOPLIST_KEY_UISupportedInterfaceOrientations_iPhone = "UIInterfaceOrientationPortrait UIInterfaceOrientationLandscapeLeft UIInterfaceOrientationLandscapeRight";
				LD_RUNPATH_SEARCH_PATHS = (
					"$(inherited)",
					"@executable_path/Frameworks",
				);
				MARKETING_VERSION = 1.0;
				PRODUCT_BUNDLE_IDENTIFIER = com.Ayaz.CarRentalApp;
				PRODUCT_NAME = "$(TARGET_NAME)";
				SWIFT_EMIT_LOC_STRINGS = YES;
				SWIFT_VERSION = 5.0;
				TARGETED_DEVICE_FAMILY = "1,2";
			};
			name = Debug;
		};
		848FCEC92826FEC90076B623 /* Release */ = {
			isa = XCBuildConfiguration;
			baseConfigurationReference = A45C7EF2E3345425FD1C5871 /* Pods-CarRentalApp.release.xcconfig */;
			buildSettings = {
				ASSETCATALOG_COMPILER_APPICON_NAME = AppIcon;
				ASSETCATALOG_COMPILER_GLOBAL_ACCENT_COLOR_NAME = AccentColor;
				CODE_SIGN_STYLE = Automatic;
				CURRENT_PROJECT_VERSION = 1;
				DEVELOPMENT_TEAM = 8248857XZ3;
				GENERATE_INFOPLIST_FILE = YES;
				INFOPLIST_FILE = CarRentalApp/Recources/Info.plist;
				INFOPLIST_KEY_UIApplicationSupportsIndirectInputEvents = YES;
				INFOPLIST_KEY_UILaunchStoryboardName = LaunchScreen;
				INFOPLIST_KEY_UISupportedInterfaceOrientations_iPad = "UIInterfaceOrientationPortrait UIInterfaceOrientationPortraitUpsideDown UIInterfaceOrientationLandscapeLeft UIInterfaceOrientationLandscapeRight";
				INFOPLIST_KEY_UISupportedInterfaceOrientations_iPhone = "UIInterfaceOrientationPortrait UIInterfaceOrientationLandscapeLeft UIInterfaceOrientationLandscapeRight";
				LD_RUNPATH_SEARCH_PATHS = (
					"$(inherited)",
					"@executable_path/Frameworks",
				);
				MARKETING_VERSION = 1.0;
				PRODUCT_BUNDLE_IDENTIFIER = com.Ayaz.CarRentalApp;
				PRODUCT_NAME = "$(TARGET_NAME)";
				SWIFT_EMIT_LOC_STRINGS = YES;
				SWIFT_VERSION = 5.0;
				TARGETED_DEVICE_FAMILY = "1,2";
			};
			name = Release;
		};
/* End XCBuildConfiguration section */

/* Begin XCConfigurationList section */
		848FCEAE2826FEC80076B623 /* Build configuration list for PBXProject "CarRentalApp" */ = {
			isa = XCConfigurationList;
			buildConfigurations = (
				848FCEC52826FEC90076B623 /* Debug */,
				848FCEC62826FEC90076B623 /* Release */,
			);
			defaultConfigurationIsVisible = 0;
			defaultConfigurationName = Release;
		};
		848FCEC72826FEC90076B623 /* Build configuration list for PBXNativeTarget "CarRentalApp" */ = {
			isa = XCConfigurationList;
			buildConfigurations = (
				848FCEC82826FEC90076B623 /* Debug */,
				848FCEC92826FEC90076B623 /* Release */,
			);
			defaultConfigurationIsVisible = 0;
			defaultConfigurationName = Release;
		};
/* End XCConfigurationList section */
	};
	rootObject = 848FCEAB2826FEC80076B623 /* Project object */;
}
